
Microsoft Visual Studio Solution File, Format Version 12.00
# Visual Studio Version 17
VisualStudioVersion = 17.14.36414.22 d17.14
MinimumVisualStudioVersion = 10.0.40219.1
Project("{FAE04EC0-301F-11D3-BF4B-00C04F79EFBC}") = "ElectroComAPI", "ElectroComAPI\ElectroComAPI.csproj", "{45335419-ECD1-4C77-8993-1BA098EAEDB1}"
EndProject
Global
	GlobalSection(SolutionConfigurationPlatforms) = preSolution
		Debug|Any CPU = Debug|Any CPU
		Release|Any CPU = Release|Any CPU
	EndGlobalSection
	GlobalSection(ProjectConfigurationPlatforms) = postSolution
		{45335419-ECD1-4C77-8993-1BA098EAEDB1}.Debug|Any CPU.ActiveCfg = Debug|Any CPU
		{45335419-ECD1-4C77-8993-1BA098EAEDB1}.Debug|Any CPU.Build.0 = Debug|Any CPU
		{45335419-ECD1-4C77-8993-1BA098EAEDB1}.Release|Any CPU.ActiveCfg = Release|Any CPU
		{45335419-ECD1-4C77-8993-1BA098EAEDB1}.Release|Any CPU.Build.0 = Release|Any CPU
	EndGlobalSection
	GlobalSection(SolutionProperties) = preSolution
		HideSolutionNode = FALSE
	EndGlobalSection
	GlobalSection(ExtensibilityGlobals) = postSolution
		SolutionGuid = {6228A027-EA3D-4ADF-B859-CB12D739B573}
	EndGlobalSection
EndGlobal
