
Microsoft Visual Studio Solution File, Format Version 12.00
# Visual Studio Version 17
VisualStudioVersion = 17.14.36414.22 d17.14
MinimumVisualStudioVersion = 10.0.40219.1
Project("{FAE04EC0-301F-11D3-BF4B-00C04F79EFBC}") = "GadgetHubClient", "GadgetHubClient\GadgetHubClient.csproj", "{3D7929C3-268F-4A5F-8B1F-F9BEB92DEE6F}"
EndProject
Global
	GlobalSection(SolutionConfigurationPlatforms) = preSolution
		Debug|Any CPU = Debug|Any CPU
		Release|Any CPU = Release|Any CPU
	EndGlobalSection
	GlobalSection(ProjectConfigurationPlatforms) = postSolution
		{3D7929C3-268F-4A5F-8B1F-F9BEB92DEE6F}.Debug|Any CPU.ActiveCfg = Debug|Any CPU
		{3D7929C3-268F-4A5F-8B1F-F9BEB92DEE6F}.Debug|Any CPU.Build.0 = Debug|Any CPU
		{3D7929C3-268F-4A5F-8B1F-F9BEB92DEE6F}.Release|Any CPU.ActiveCfg = Release|Any CPU
		{3D7929C3-268F-4A5F-8B1F-F9BEB92DEE6F}.Release|Any CPU.Build.0 = Release|Any CPU
	EndGlobalSection
	GlobalSection(SolutionProperties) = preSolution
		HideSolutionNode = FALSE
	EndGlobalSection
	GlobalSection(ExtensibilityGlobals) = postSolution
		SolutionGuid = {D1A07CDD-3F49-4768-8B26-ACB54EBCE0A6}
	EndGlobalSection
EndGlobal
